
Microsoft Visual Studio Solution File, Format Version 12.00
# Visual Studio Version 17
VisualStudioVersion = 17.11.35303.130
MinimumVisualStudioVersion = 10.0.40219.1
Project("{9A19103F-16F7-4668-BE54-9A1E7A4F7556}") = "TrophyLibrary", "TrophyLibrary\TrophyLibrary.csproj", "{C00E8E3E-BB8D-407B-A5E1-68FEAAE9E467}"
EndProject
Project("{FAE04EC0-301F-11D3-BF4B-00C04F79EFBC}") = "TrophyLibraryTests", "TrophyLibraryTests\TrophyLibraryTests.csproj", "{D50ECE80-3328-4F36-ACD9-096B21F327E1}"
EndProject
Global
	GlobalSection(SolutionConfigurationPlatforms) = preSolution
		Debug|Any CPU = Debug|Any CPU
		Release|Any CPU = Release|Any CPU
	EndGlobalSection
	GlobalSection(ProjectConfigurationPlatforms) = postSolution
		{C00E8E3E-BB8D-407B-A5E1-68FEAAE9E467}.Debug|Any CPU.ActiveCfg = Debug|Any CPU
		{C00E8E3E-BB8D-407B-A5E1-68FEAAE9E467}.Debug|Any CPU.Build.0 = Debug|Any CPU
		{C00E8E3E-BB8D-407B-A5E1-68FEAAE9E467}.Release|Any CPU.ActiveCfg = Release|Any CPU
		{C00E8E3E-BB8D-407B-A5E1-68FEAAE9E467}.Release|Any CPU.Build.0 = Release|Any CPU
		{D50ECE80-3328-4F36-ACD9-096B21F327E1}.Debug|Any CPU.ActiveCfg = Debug|Any CPU
		{D50ECE80-3328-4F36-ACD9-096B21F327E1}.Debug|Any CPU.Build.0 = Debug|Any CPU
		{D50ECE80-3328-4F36-ACD9-096B21F327E1}.Release|Any CPU.ActiveCfg = Release|Any CPU
		{D50ECE80-3328-4F36-ACD9-096B21F327E1}.Release|Any CPU.Build.0 = Release|Any CPU
	EndGlobalSection
	GlobalSection(SolutionProperties) = preSolution
		HideSolutionNode = FALSE
	EndGlobalSection
	GlobalSection(ExtensibilityGlobals) = postSolution
		SolutionGuid = {5E6D50B9-73AF-4CD5-B960-5DEEBC8C5AD6}
	EndGlobalSection
EndGlobal
